# This file is autogenerated, do not edit; changes may be undone by the next 'dep ensure'.


[[projects]]
  branch = "master"
  name = "github.com/bitrise-io/go-utils"
  packages = [
    "colorstring",
    "command",
    "command/git",
    "errorutil",
    "log",
    "parseutil",
    "pathutil",
    "pointers"
  ]
  revision = "2a09aab8380d7842750328aebd5671bcccea89c8"

[[projects]]
  branch = "master"
  name = "github.com/bitrise-tools/go-steputils"
  packages = [
    "stepconf",
    "tools"
  ]
  revision = "ec226b2359fcd806be64f0ad2217d8e741a1ff11"

[solve-meta]
  analyzer-name = "dep"
  analyzer-version = 1
  inputs-digest = "5d4ff09b7656efeef7bb6d3b4962ff953c91f97ae95de37bc8cd25f2b1a60fc6"
  solver-name = "gps-cdcl"
  solver-version = 1
